
Microsoft Visual Studio Solution File, Format Version 12.00
# Visual Studio Version 17
VisualStudioVersion = 17.10.35013.160
MinimumVisualStudioVersion = 10.0.40219.1
Project("{2150E333-8FDC-42A3-9474-1A3956D46DE8}") = "src", "src", "{793AAEB7-35A3-4FD6-A442-146E0A1B5BB5}"
EndProject
Project("{2150E333-8FDC-42A3-9474-1A3956D46DE8}") = "Building Blocks", "Building Blocks", "{052A1AF7-AC93-4A2F-9BCE-135588E967CD}"
EndProject
Project("{2150E333-8FDC-42A3-9474-1A3956D46DE8}") = "Services", "Services", "{9087C0E3-052E-484B-9D3B-9A90CC13E02C}"
EndProject
Project("{2150E333-8FDC-42A3-9474-1A3956D46DE8}") = "Web", "Web", "{1E54CFD2-3742-4263-8AF3-CD2E19C4745D}"
EndProject
Project("{2150E333-8FDC-42A3-9474-1A3956D46DE8}") = "Identidade", "Identidade", "{6DEF0D7D-F714-47F1-9A09-DAF43CEF7078}"
EndProject
Project("{FAE04EC0-301F-11D3-BF4B-00C04F79EFBC}") = "SSE.Identidade.API", "src\services\SSE.Identidade.API\SSE.Identidade.API.csproj", "{BD771214-A056-47A0-8531-A6D042DE866E}"
EndProject
Project("{2150E333-8FDC-42A3-9474-1A3956D46DE8}") = "MVC", "MVC", "{56C7C3CC-73B7-484C-B2D1-5EF0C9CB3F17}"
EndProject
Project("{FAE04EC0-301F-11D3-BF4B-00C04F79EFBC}") = "SSE.WebApp.MVC", "src\web\SSE.WebApp.MVC\SSE.WebApp.MVC.csproj", "{C52BE4B2-2E2E-44B4-B5EB-9AC59CA89928}"
EndProject
Project("{2150E333-8FDC-42A3-9474-1A3956D46DE8}") = "Core", "Core", "{8646348D-E60F-42DF-B54E-B73B1C22FCAD}"
EndProject
Project("{FAE04EC0-301F-11D3-BF4B-00C04F79EFBC}") = "SSE.Core", "src\building blocks\SSE.Core\SSE.Core.csproj", "{9CADDADF-9874-49CB-B19D-B78915AACD83}"
EndProject
Project("{2150E333-8FDC-42A3-9474-1A3956D46DE8}") = "Carrinho", "Carrinho", "{F5615FA6-73D4-45FE-B7B1-09E70C4435D1}"
EndProject
Project("{FAE04EC0-301F-11D3-BF4B-00C04F79EFBC}") = "SSE.Carrinho.API", "src\services\SSE.Carrinho.API\SSE.Carrinho.API.csproj", "{644B67A6-6E1D-478B-B946-37E16EC5473E}"
EndProject
Project("{2150E333-8FDC-42A3-9474-1A3956D46DE8}") = "Catalogo", "Catalogo", "{AB78E39C-E678-46F3-8A6B-AAD0D56365B4}"
EndProject
Project("{FAE04EC0-301F-11D3-BF4B-00C04F79EFBC}") = "SSE.Catalogo.API", "src\services\SSE.Catalogo.API\SSE.Catalogo.API.csproj", "{456A5DD6-D1E9-4AC7-BBE2-461D6CAE3D0D}"
EndProject
Project("{2150E333-8FDC-42A3-9474-1A3956D46DE8}") = "Cliente", "Cliente", "{8151F409-9328-4478-9EE9-1B32B1C7BC46}"
EndProject
Project("{FAE04EC0-301F-11D3-BF4B-00C04F79EFBC}") = "SSE.Cliente.API", "src\services\SSE.Cliente.API\SSE.Cliente.API.csproj", "{1776BDCA-6145-44CB-B32D-412A64336505}"
EndProject
Project("{2150E333-8FDC-42A3-9474-1A3956D46DE8}") = "Pagamento", "Pagamento", "{942C0C12-9856-459B-ADBA-6D4D06F63B53}"
EndProject
Project("{FAE04EC0-301F-11D3-BF4B-00C04F79EFBC}") = "SSE.Pagamento.API", "src\services\SSE.Pagamento.API\SSE.Pagamento.API.csproj", "{0CB12F0B-4697-4EC8-8F60-5C8FBE464ED4}"
EndProject
Project("{2150E333-8FDC-42A3-9474-1A3956D46DE8}") = "Pedido", "Pedido", "{4087EAA1-E8DB-4163-B4EB-83D008D7846B}"
EndProject
Project("{FAE04EC0-301F-11D3-BF4B-00C04F79EFBC}") = "SSE.Pedido.API", "src\services\SSE.Pedido.API\SSE.Pedido.API.csproj", "{BF693BEB-776F-48E0-A2C5-0EA6AFA40449}"
EndProject
Global
	GlobalSection(SolutionConfigurationPlatforms) = preSolution
		Debug|Any CPU = Debug|Any CPU
		Release|Any CPU = Release|Any CPU
	EndGlobalSection
	GlobalSection(ProjectConfigurationPlatforms) = postSolution
		{BD771214-A056-47A0-8531-A6D042DE866E}.Debug|Any CPU.ActiveCfg = Debug|Any CPU
		{BD771214-A056-47A0-8531-A6D042DE866E}.Debug|Any CPU.Build.0 = Debug|Any CPU
		{BD771214-A056-47A0-8531-A6D042DE866E}.Release|Any CPU.ActiveCfg = Release|Any CPU
		{BD771214-A056-47A0-8531-A6D042DE866E}.Release|Any CPU.Build.0 = Release|Any CPU
		{C52BE4B2-2E2E-44B4-B5EB-9AC59CA89928}.Debug|Any CPU.ActiveCfg = Debug|Any CPU
		{C52BE4B2-2E2E-44B4-B5EB-9AC59CA89928}.Debug|Any CPU.Build.0 = Debug|Any CPU
		{C52BE4B2-2E2E-44B4-B5EB-9AC59CA89928}.Release|Any CPU.ActiveCfg = Release|Any CPU
		{C52BE4B2-2E2E-44B4-B5EB-9AC59CA89928}.Release|Any CPU.Build.0 = Release|Any CPU
		{9CADDADF-9874-49CB-B19D-B78915AACD83}.Debug|Any CPU.ActiveCfg = Debug|Any CPU
		{9CADDADF-9874-49CB-B19D-B78915AACD83}.Debug|Any CPU.Build.0 = Debug|Any CPU
		{9CADDADF-9874-49CB-B19D-B78915AACD83}.Release|Any CPU.ActiveCfg = Release|Any CPU
		{9CADDADF-9874-49CB-B19D-B78915AACD83}.Release|Any CPU.Build.0 = Release|Any CPU
		{644B67A6-6E1D-478B-B946-37E16EC5473E}.Debug|Any CPU.ActiveCfg = Debug|Any CPU
		{644B67A6-6E1D-478B-B946-37E16EC5473E}.Debug|Any CPU.Build.0 = Debug|Any CPU
		{644B67A6-6E1D-478B-B946-37E16EC5473E}.Release|Any CPU.ActiveCfg = Release|Any CPU
		{644B67A6-6E1D-478B-B946-37E16EC5473E}.Release|Any CPU.Build.0 = Release|Any CPU
		{456A5DD6-D1E9-4AC7-BBE2-461D6CAE3D0D}.Debug|Any CPU.ActiveCfg = Debug|Any CPU
		{456A5DD6-D1E9-4AC7-BBE2-461D6CAE3D0D}.Debug|Any CPU.Build.0 = Debug|Any CPU
		{456A5DD6-D1E9-4AC7-BBE2-461D6CAE3D0D}.Release|Any CPU.ActiveCfg = Release|Any CPU
		{456A5DD6-D1E9-4AC7-BBE2-461D6CAE3D0D}.Release|Any CPU.Build.0 = Release|Any CPU
		{1776BDCA-6145-44CB-B32D-412A64336505}.Debug|Any CPU.ActiveCfg = Debug|Any CPU
		{1776BDCA-6145-44CB-B32D-412A64336505}.Debug|Any CPU.Build.0 = Debug|Any CPU
		{1776BDCA-6145-44CB-B32D-412A64336505}.Release|Any CPU.ActiveCfg = Release|Any CPU
		{1776BDCA-6145-44CB-B32D-412A64336505}.Release|Any CPU.Build.0 = Release|Any CPU
		{0CB12F0B-4697-4EC8-8F60-5C8FBE464ED4}.Debug|Any CPU.ActiveCfg = Debug|Any CPU
		{0CB12F0B-4697-4EC8-8F60-5C8FBE464ED4}.Debug|Any CPU.Build.0 = Debug|Any CPU
		{0CB12F0B-4697-4EC8-8F60-5C8FBE464ED4}.Release|Any CPU.ActiveCfg = Release|Any CPU
		{0CB12F0B-4697-4EC8-8F60-5C8FBE464ED4}.Release|Any CPU.Build.0 = Release|Any CPU
		{BF693BEB-776F-48E0-A2C5-0EA6AFA40449}.Debug|Any CPU.ActiveCfg = Debug|Any CPU
		{BF693BEB-776F-48E0-A2C5-0EA6AFA40449}.Debug|Any CPU.Build.0 = Debug|Any CPU
		{BF693BEB-776F-48E0-A2C5-0EA6AFA40449}.Release|Any CPU.ActiveCfg = Release|Any CPU
		{BF693BEB-776F-48E0-A2C5-0EA6AFA40449}.Release|Any CPU.Build.0 = Release|Any CPU
	EndGlobalSection
	GlobalSection(SolutionProperties) = preSolution
		HideSolutionNode = FALSE
	EndGlobalSection
	GlobalSection(NestedProjects) = preSolution
		{052A1AF7-AC93-4A2F-9BCE-135588E967CD} = {793AAEB7-35A3-4FD6-A442-146E0A1B5BB5}
		{9087C0E3-052E-484B-9D3B-9A90CC13E02C} = {793AAEB7-35A3-4FD6-A442-146E0A1B5BB5}
		{1E54CFD2-3742-4263-8AF3-CD2E19C4745D} = {793AAEB7-35A3-4FD6-A442-146E0A1B5BB5}
		{6DEF0D7D-F714-47F1-9A09-DAF43CEF7078} = {9087C0E3-052E-484B-9D3B-9A90CC13E02C}
		{BD771214-A056-47A0-8531-A6D042DE866E} = {6DEF0D7D-F714-47F1-9A09-DAF43CEF7078}
		{56C7C3CC-73B7-484C-B2D1-5EF0C9CB3F17} = {1E54CFD2-3742-4263-8AF3-CD2E19C4745D}
		{C52BE4B2-2E2E-44B4-B5EB-9AC59CA89928} = {56C7C3CC-73B7-484C-B2D1-5EF0C9CB3F17}
		{8646348D-E60F-42DF-B54E-B73B1C22FCAD} = {052A1AF7-AC93-4A2F-9BCE-135588E967CD}
		{9CADDADF-9874-49CB-B19D-B78915AACD83} = {8646348D-E60F-42DF-B54E-B73B1C22FCAD}
		{F5615FA6-73D4-45FE-B7B1-09E70C4435D1} = {9087C0E3-052E-484B-9D3B-9A90CC13E02C}
		{644B67A6-6E1D-478B-B946-37E16EC5473E} = {F5615FA6-73D4-45FE-B7B1-09E70C4435D1}
		{AB78E39C-E678-46F3-8A6B-AAD0D56365B4} = {9087C0E3-052E-484B-9D3B-9A90CC13E02C}
		{456A5DD6-D1E9-4AC7-BBE2-461D6CAE3D0D} = {AB78E39C-E678-46F3-8A6B-AAD0D56365B4}
		{8151F409-9328-4478-9EE9-1B32B1C7BC46} = {9087C0E3-052E-484B-9D3B-9A90CC13E02C}
		{1776BDCA-6145-44CB-B32D-412A64336505} = {8151F409-9328-4478-9EE9-1B32B1C7BC46}
		{942C0C12-9856-459B-ADBA-6D4D06F63B53} = {9087C0E3-052E-484B-9D3B-9A90CC13E02C}
		{0CB12F0B-4697-4EC8-8F60-5C8FBE464ED4} = {942C0C12-9856-459B-ADBA-6D4D06F63B53}
		{4087EAA1-E8DB-4163-B4EB-83D008D7846B} = {9087C0E3-052E-484B-9D3B-9A90CC13E02C}
		{BF693BEB-776F-48E0-A2C5-0EA6AFA40449} = {4087EAA1-E8DB-4163-B4EB-83D008D7846B}
	EndGlobalSection
	GlobalSection(ExtensibilityGlobals) = postSolution
		SolutionGuid = {5E65D47C-BBC6-4C67-8695-04737D8FC67A}
	EndGlobalSection
EndGlobal
